
Microsoft Visual Studio Solution File, Format Version 12.00
# Visual Studio 14
VisualStudioVersion = 14.0.25420.1
MinimumVisualStudioVersion = 10.0.40219.1
Project("{FAE04EC0-301F-11D3-BF4B-00C04F79EFBC}") = "WebApplication1", "WebApplication1\WebApplication1.csproj", "{BCF74957-C0BE-4465-82C1-F5D8B73E7EC5}"
EndProject
Global
	GlobalSection(SolutionConfigurationPlatforms) = preSolution
		Debug|Any CPU = Debug|Any CPU
		Release|Any CPU = Release|Any CPU
	EndGlobalSection
	GlobalSection(ProjectConfigurationPlatforms) = postSolution
		{BCF74957-C0BE-4465-82C1-F5D8B73E7EC5}.Debug|Any CPU.ActiveCfg = Debug|Any CPU
		{BCF74957-C0BE-4465-82C1-F5D8B73E7EC5}.Debug|Any CPU.Build.0 = Debug|Any CPU
		{BCF74957-C0BE-4465-82C1-F5D8B73E7EC5}.Release|Any CPU.ActiveCfg = Release|Any CPU
		{BCF74957-C0BE-4465-82C1-F5D8B73E7EC5}.Release|Any CPU.Build.0 = Release|Any CPU
	EndGlobalSection
	GlobalSection(SolutionProperties) = preSolution
		HideSolutionNode = FALSE
	EndGlobalSection
EndGlobal
